{
  "version": 4,
  "terraform_version": "1.11.4",
  "serial": 39,
  "lineage": "a815e278-f820-8565-f599-3837502d3980",
  "outputs": {},
  "resources": [
    {
      "mode": "managed",
      "type": "proxmox_vm_qemu",
      "name": "cloudinit-k3",
      "provider": "provider[\"registry.terraform.io/telmate/proxmox\"]",
      "instances": [
        {
          "index_key": 0,
          "status": "tainted",
          "schema_version": 0,
          "attributes": {
            "additional_wait": 5,
            "agent": 1,
            "agent_timeout": null,
            "args": "",
            "automatic_reboot": true,
            "balloon": 0,
            "bios": "seabios",
            "boot": "order=scsi0",
            "bootdisk": "",
            "ci_wait": null,
            "cicustom": null,
            "cipassword": "tomek211",
            "ciupgrade": true,
            "ciuser": "root",
            "clone": "templatka8g",
            "clone_id": null,
            "clone_wait": 10,
            "cores": 2,
            "cpu": null,
            "cpu_type": "host",
            "default_ipv4_address": "192.168.1.113",
            "default_ipv6_address": "",
            "define_connection_info": true,
            "desc": "Managed by Terraform.",
            "disk": [],
            "disks": [
              {
                "ide": [
                  {
                    "ide0": [],
                    "ide1": [],
                    "ide2": [
                      {
                        "cdrom": [],
                        "cloudinit": [
                          {
                            "storage": "usbdisk"
                          }
                        ],
                        "disk": [],
                        "passthrough": []
                      }
                    ],
                    "ide3": []
                  }
                ],
                "sata": [],
                "scsi": [
                  {
                    "scsi0": [
                      {
                        "cdrom": [],
                        "cloudinit": [],
                        "disk": [
                          {
                            "asyncio": "",
                            "backup": true,
                            "cache": "",
                            "discard": false,
                            "emulatessd": false,
                            "format": "raw",
                            "id": 0,
                            "iops_r_burst": 0,
                            "iops_r_burst_length": 0,
                            "iops_r_concurrent": 0,
                            "iops_wr_burst": 0,
                            "iops_wr_burst_length": 0,
                            "iops_wr_concurrent": 0,
                            "iothread": false,
                            "linked_disk_id": -1,
                            "mbps_r_burst": 0,
                            "mbps_r_concurrent": 0,
                            "mbps_wr_burst": 0,
                            "mbps_wr_concurrent": 0,
                            "readonly": false,
                            "replicate": false,
                            "serial": "",
                            "size": "9G",
                            "storage": "usbdisk",
                            "wwn": ""
                          }
                        ],
                        "passthrough": []
                      }
                    ],
                    "scsi1": [],
                    "scsi10": [],
                    "scsi11": [],
                    "scsi12": [],
                    "scsi13": [],
                    "scsi14": [],
                    "scsi15": [],
                    "scsi16": [],
                    "scsi17": [],
                    "scsi18": [],
                    "scsi19": [],
                    "scsi2": [],
                    "scsi20": [],
                    "scsi21": [],
                    "scsi22": [],
                    "scsi23": [],
                    "scsi24": [],
                    "scsi25": [],
                    "scsi26": [],
                    "scsi27": [],
                    "scsi28": [],
                    "scsi29": [],
                    "scsi3": [],
                    "scsi30": [],
                    "scsi4": [],
                    "scsi5": [],
                    "scsi6": [],
                    "scsi7": [],
                    "scsi8": [],
                    "scsi9": []
                  }
                ],
                "virtio": []
              }
            ],
            "efidisk": [],
            "force_create": false,
            "force_recreate_on_change_of": null,
            "full_clone": true,
            "hagroup": "",
            "hastate": "",
            "hostpci": [],
            "hotplug": "network,disk,usb",
            "id": "pve/qemu/101",
            "ipconfig0": "ip=192.168.1.113/24,gw=192.168.1.1",
            "ipconfig1": null,
            "ipconfig10": null,
            "ipconfig11": null,
            "ipconfig12": null,
            "ipconfig13": null,
            "ipconfig14": null,
            "ipconfig15": null,
            "ipconfig2": null,
            "ipconfig3": null,
            "ipconfig4": null,
            "ipconfig5": null,
            "ipconfig6": null,
            "ipconfig7": null,
            "ipconfig8": null,
            "ipconfig9": null,
            "kvm": true,
            "linked_vmid": 0,
            "machine": "",
            "memory": 3072,
            "name": "master",
            "nameserver": "1.1.1.1 8.8.8.8",
            "network": [
              {
                "bridge": "vmbr0",
                "firewall": false,
                "id": 0,
                "link_down": false,
                "macaddr": "bc:24:11:86:31:0e",
                "model": "virtio",
                "mtu": 0,
                "queues": 0,
                "rate": 0,
                "tag": 0
              },
              {
                "bridge": "vmbr1",
                "firewall": false,
                "id": 1,
                "link_down": false,
                "macaddr": "bc:24:11:04:fb:16",
                "model": "virtio",
                "mtu": 0,
                "queues": 0,
                "rate": 0,
                "tag": 0
              }
            ],
            "numa": false,
            "onboot": false,
            "os_network_config": null,
            "os_type": null,
            "pci": [],
            "pcis": [],
            "pool": "",
            "protection": false,
            "pxe": null,
            "qemu_os": "other",
            "reboot_required": false,
            "scsihw": "virtio-scsi-single",
            "searchdomain": "",
            "serial": [
              {
                "id": 0,
                "type": "socket"
              }
            ],
            "skip_ipv4": false,
            "skip_ipv6": true,
            "smbios": [
              {
                "family": "",
                "manufacturer": "",
                "product": "",
                "serial": "",
                "sku": "",
                "uuid": "d15107f5-a6fb-4d97-abe2-045e52e3d382",
                "version": ""
              }
            ],
            "sockets": 1,
            "ssh_forward_ip": null,
            "ssh_host": "192.168.1.113",
            "ssh_port": "22",
            "ssh_private_key": null,
            "ssh_user": null,
            "sshkeys": " ssh-rsa AAAAB3NzaC1yc2EAAAADAQABAAABgQCz70fWQiuaOjwFUMOhmgDzpOvMX5tZpdScmzHj1sfh1zcuCpM/V7ayG4q2fzl6aIy9pEatOPyFo0B1TsL2StxndlBZRM/ewa4rzOozwRgVzGNpPxUqWrsjh3Rl1H1hTokq/jk7qSOPwHObFawBUlJzXN8/tEpeF1wBfozro9fBNUUUukl5hqjKwhXUyVc+3S8EOfq3BAUJFyj+Flnybfu/vciaXp9bAryB/P7XDq8PPZ4SWm/rVSO/5qYZwMZ+8//gT7tFeGbE6f+nQgACFYYQtbgVwySlS+AQB8FjI9OkvStAi+p4ZR0I5EQJxoAFAkH7n3klr8oFNGSxrUqUdeP35+z6TwleiBBtZ57XXYHFylaMCgo+d7vPnduMqoqhKZsJktfKzI723qNdz0T5dhYYWXyL7RJya6GmVzEv/grwWl6jIVBGdu7hKgQuBvH0oSEfXXpmUkBTipvAFAPokSNRtePJ5/6sHhyrIt22kWM4X2R4k2ljc2/NrowRfz7q8Hs= root@fedora-lap\n ssh-rsa AAAAB3NzaC1yc2EAAAADAQABAAABgQCq4hZNTWjmOtPmTX1OWtfpa5T5eoMFYp53yfalAd+2FRyOn8I9YLZo7ZDOJWhiB9uJK8WBNuMRMa3I8xzkhkq7xVLJ1jjUz/6MUCs4EawWOYT1o8M9+ObtNJzzp+H2HEmJhzlJVMg65n3rVxnGaym+p/L5FK9EEzu24/bSG3JewzEZjlXMXqSVgEHVijDRJarMfLTlaoFtztOhTdJ9rENi2VKonFyOp/wYPzauHTSTcSnVGbMur4tJkKNEKmP64EKrlUcJ/x9hTA8Wdtz0wDex/BmkyxZOjqkCIH09AywulZwAOQ9vi8o4G/ZLfhbCQYV68gNmsSAsby4T7M0tjfQZP4ifwicBJ0ubFfgSkM+x2k4lwrlcCkuOQ2eNW4OT/VhGrROi6DIOQqEMC6KIk9WGlzChooDJJfWiv/DmfrNsPH1PKDRaLXs8UsOigkJ9jK6fTRvzpfhwO2sgwBD1mhoLu9f5PeujNvDvdw8L4fQesPqyoKE3OZSnaI6GPdjxqes= tomek@fedora-lap\n",
            "startup": "",
            "tablet": true,
            "tags": "",
            "target_node": "pve",
            "target_nodes": null,
            "timeouts": null,
            "unused_disk": [],
            "usb": [],
            "usbs": [],
            "vcpus": 0,
            "vga": [],
            "vm_state": "running",
            "vmid": null
          },
          "sensitive_attributes": [
            [
              {
                "type": "get_attr",
                "value": "cipassword"
              }
            ],
            [
              {
                "type": "get_attr",
                "value": "ssh_private_key"
              }
            ]
          ],
          "private": "eyJlMmJmYjczMC1lY2FhLTExZTYtOGY4OC0zNDM2M2JjN2M0YzAiOnsiY3JlYXRlIjoxMjAwMDAwMDAwMDAwLCJkZWZhdWx0IjoxMjAwMDAwMDAwMDAwLCJkZWxldGUiOjEyMDAwMDAwMDAwMDAsInJlYWQiOjEyMDAwMDAwMDAwMDAsInVwZGF0ZSI6MTIwMDAwMDAwMDAwMH19"
        },
        {
          "index_key": 1,
          "status": "tainted",
          "schema_version": 0,
          "attributes": {
            "additional_wait": 5,
            "agent": 1,
            "agent_timeout": null,
            "args": "",
            "automatic_reboot": true,
            "balloon": 0,
            "bios": "seabios",
            "boot": "order=scsi0",
            "bootdisk": "",
            "ci_wait": null,
            "cicustom": null,
            "cipassword": "tomek211",
            "ciupgrade": true,
            "ciuser": "root",
            "clone": "templatka8g",
            "clone_id": null,
            "clone_wait": 10,
            "cores": 2,
            "cpu": null,
            "cpu_type": "host",
            "default_ipv4_address": "192.168.1.114",
            "default_ipv6_address": "",
            "define_connection_info": true,
            "desc": "Managed by Terraform.",
            "disk": [],
            "disks": [
              {
                "ide": [
                  {
                    "ide0": [],
                    "ide1": [],
                    "ide2": [
                      {
                        "cdrom": [],
                        "cloudinit": [
                          {
                            "storage": "usbdisk"
                          }
                        ],
                        "disk": [],
                        "passthrough": []
                      }
                    ],
                    "ide3": []
                  }
                ],
                "sata": [],
                "scsi": [
                  {
                    "scsi0": [
                      {
                        "cdrom": [],
                        "cloudinit": [],
                        "disk": [
                          {
                            "asyncio": "",
                            "backup": true,
                            "cache": "",
                            "discard": false,
                            "emulatessd": false,
                            "format": "raw",
                            "id": 0,
                            "iops_r_burst": 0,
                            "iops_r_burst_length": 0,
                            "iops_r_concurrent": 0,
                            "iops_wr_burst": 0,
                            "iops_wr_burst_length": 0,
                            "iops_wr_concurrent": 0,
                            "iothread": false,
                            "linked_disk_id": -1,
                            "mbps_r_burst": 0,
                            "mbps_r_concurrent": 0,
                            "mbps_wr_burst": 0,
                            "mbps_wr_concurrent": 0,
                            "readonly": false,
                            "replicate": false,
                            "serial": "",
                            "size": "9G",
                            "storage": "usbdisk",
                            "wwn": ""
                          }
                        ],
                        "passthrough": []
                      }
                    ],
                    "scsi1": [],
                    "scsi10": [],
                    "scsi11": [],
                    "scsi12": [],
                    "scsi13": [],
                    "scsi14": [],
                    "scsi15": [],
                    "scsi16": [],
                    "scsi17": [],
                    "scsi18": [],
                    "scsi19": [],
                    "scsi2": [],
                    "scsi20": [],
                    "scsi21": [],
                    "scsi22": [],
                    "scsi23": [],
                    "scsi24": [],
                    "scsi25": [],
                    "scsi26": [],
                    "scsi27": [],
                    "scsi28": [],
                    "scsi29": [],
                    "scsi3": [],
                    "scsi30": [],
                    "scsi4": [],
                    "scsi5": [],
                    "scsi6": [],
                    "scsi7": [],
                    "scsi8": [],
                    "scsi9": []
                  }
                ],
                "virtio": []
              }
            ],
            "efidisk": [],
            "force_create": false,
            "force_recreate_on_change_of": null,
            "full_clone": true,
            "hagroup": "",
            "hastate": "",
            "hostpci": [],
            "hotplug": "network,disk,usb",
            "id": "pve/qemu/100",
            "ipconfig0": "ip=192.168.1.114/24,gw=192.168.1.1",
            "ipconfig1": null,
            "ipconfig10": null,
            "ipconfig11": null,
            "ipconfig12": null,
            "ipconfig13": null,
            "ipconfig14": null,
            "ipconfig15": null,
            "ipconfig2": null,
            "ipconfig3": null,
            "ipconfig4": null,
            "ipconfig5": null,
            "ipconfig6": null,
            "ipconfig7": null,
            "ipconfig8": null,
            "ipconfig9": null,
            "kvm": true,
            "linked_vmid": 0,
            "machine": "",
            "memory": 3072,
            "name": "worker1",
            "nameserver": "1.1.1.1 8.8.8.8",
            "network": [
              {
                "bridge": "vmbr0",
                "firewall": false,
                "id": 0,
                "link_down": false,
                "macaddr": "bc:24:11:8c:ff:29",
                "model": "virtio",
                "mtu": 0,
                "queues": 0,
                "rate": 0,
                "tag": 0
              },
              {
                "bridge": "vmbr1",
                "firewall": false,
                "id": 1,
                "link_down": false,
                "macaddr": "bc:24:11:e0:ab:f0",
                "model": "virtio",
                "mtu": 0,
                "queues": 0,
                "rate": 0,
                "tag": 0
              }
            ],
            "numa": false,
            "onboot": false,
            "os_network_config": null,
            "os_type": null,
            "pci": [],
            "pcis": [],
            "pool": "",
            "protection": false,
            "pxe": null,
            "qemu_os": "other",
            "reboot_required": false,
            "scsihw": "virtio-scsi-single",
            "searchdomain": "",
            "serial": [
              {
                "id": 0,
                "type": "socket"
              }
            ],
            "skip_ipv4": false,
            "skip_ipv6": true,
            "smbios": [
              {
                "family": "",
                "manufacturer": "",
                "product": "",
                "serial": "",
                "sku": "",
                "uuid": "1ab3ae76-c74f-41bd-959b-d985b3efec61",
                "version": ""
              }
            ],
            "sockets": 1,
            "ssh_forward_ip": null,
            "ssh_host": "192.168.1.114",
            "ssh_port": "22",
            "ssh_private_key": null,
            "ssh_user": null,
            "sshkeys": " ssh-rsa AAAAB3NzaC1yc2EAAAADAQABAAABgQCz70fWQiuaOjwFUMOhmgDzpOvMX5tZpdScmzHj1sfh1zcuCpM/V7ayG4q2fzl6aIy9pEatOPyFo0B1TsL2StxndlBZRM/ewa4rzOozwRgVzGNpPxUqWrsjh3Rl1H1hTokq/jk7qSOPwHObFawBUlJzXN8/tEpeF1wBfozro9fBNUUUukl5hqjKwhXUyVc+3S8EOfq3BAUJFyj+Flnybfu/vciaXp9bAryB/P7XDq8PPZ4SWm/rVSO/5qYZwMZ+8//gT7tFeGbE6f+nQgACFYYQtbgVwySlS+AQB8FjI9OkvStAi+p4ZR0I5EQJxoAFAkH7n3klr8oFNGSxrUqUdeP35+z6TwleiBBtZ57XXYHFylaMCgo+d7vPnduMqoqhKZsJktfKzI723qNdz0T5dhYYWXyL7RJya6GmVzEv/grwWl6jIVBGdu7hKgQuBvH0oSEfXXpmUkBTipvAFAPokSNRtePJ5/6sHhyrIt22kWM4X2R4k2ljc2/NrowRfz7q8Hs= root@fedora-lap\n ssh-rsa AAAAB3NzaC1yc2EAAAADAQABAAABgQCq4hZNTWjmOtPmTX1OWtfpa5T5eoMFYp53yfalAd+2FRyOn8I9YLZo7ZDOJWhiB9uJK8WBNuMRMa3I8xzkhkq7xVLJ1jjUz/6MUCs4EawWOYT1o8M9+ObtNJzzp+H2HEmJhzlJVMg65n3rVxnGaym+p/L5FK9EEzu24/bSG3JewzEZjlXMXqSVgEHVijDRJarMfLTlaoFtztOhTdJ9rENi2VKonFyOp/wYPzauHTSTcSnVGbMur4tJkKNEKmP64EKrlUcJ/x9hTA8Wdtz0wDex/BmkyxZOjqkCIH09AywulZwAOQ9vi8o4G/ZLfhbCQYV68gNmsSAsby4T7M0tjfQZP4ifwicBJ0ubFfgSkM+x2k4lwrlcCkuOQ2eNW4OT/VhGrROi6DIOQqEMC6KIk9WGlzChooDJJfWiv/DmfrNsPH1PKDRaLXs8UsOigkJ9jK6fTRvzpfhwO2sgwBD1mhoLu9f5PeujNvDvdw8L4fQesPqyoKE3OZSnaI6GPdjxqes= tomek@fedora-lap\n",
            "startup": "",
            "tablet": true,
            "tags": "",
            "target_node": "pve",
            "target_nodes": null,
            "timeouts": null,
            "unused_disk": [],
            "usb": [],
            "usbs": [],
            "vcpus": 0,
            "vga": [],
            "vm_state": "running",
            "vmid": null
          },
          "sensitive_attributes": [
            [
              {
                "type": "get_attr",
                "value": "ssh_private_key"
              }
            ],
            [
              {
                "type": "get_attr",
                "value": "cipassword"
              }
            ]
          ],
          "private": "eyJlMmJmYjczMC1lY2FhLTExZTYtOGY4OC0zNDM2M2JjN2M0YzAiOnsiY3JlYXRlIjoxMjAwMDAwMDAwMDAwLCJkZWZhdWx0IjoxMjAwMDAwMDAwMDAwLCJkZWxldGUiOjEyMDAwMDAwMDAwMDAsInJlYWQiOjEyMDAwMDAwMDAwMDAsInVwZGF0ZSI6MTIwMDAwMDAwMDAwMH19"
        },
        {
          "index_key": 2,
          "status": "tainted",
          "schema_version": 0,
          "attributes": {
            "additional_wait": 5,
            "agent": 1,
            "agent_timeout": null,
            "args": "",
            "automatic_reboot": true,
            "balloon": 0,
            "bios": "seabios",
            "boot": "order=scsi0",
            "bootdisk": "",
            "ci_wait": null,
            "cicustom": null,
            "cipassword": "tomek211",
            "ciupgrade": true,
            "ciuser": "root",
            "clone": "templatka8g",
            "clone_id": null,
            "clone_wait": 10,
            "cores": 2,
            "cpu": null,
            "cpu_type": "host",
            "default_ipv4_address": "192.168.1.115",
            "default_ipv6_address": "",
            "define_connection_info": true,
            "desc": "Managed by Terraform.",
            "disk": [],
            "disks": [
              {
                "ide": [
                  {
                    "ide0": [],
                    "ide1": [],
                    "ide2": [
                      {
                        "cdrom": [],
                        "cloudinit": [
                          {
                            "storage": "usbdisk"
                          }
                        ],
                        "disk": [],
                        "passthrough": []
                      }
                    ],
                    "ide3": []
                  }
                ],
                "sata": [],
                "scsi": [
                  {
                    "scsi0": [
                      {
                        "cdrom": [],
                        "cloudinit": [],
                        "disk": [
                          {
                            "asyncio": "",
                            "backup": true,
                            "cache": "",
                            "discard": false,
                            "emulatessd": false,
                            "format": "raw",
                            "id": 0,
                            "iops_r_burst": 0,
                            "iops_r_burst_length": 0,
                            "iops_r_concurrent": 0,
                            "iops_wr_burst": 0,
                            "iops_wr_burst_length": 0,
                            "iops_wr_concurrent": 0,
                            "iothread": false,
                            "linked_disk_id": -1,
                            "mbps_r_burst": 0,
                            "mbps_r_concurrent": 0,
                            "mbps_wr_burst": 0,
                            "mbps_wr_concurrent": 0,
                            "readonly": false,
                            "replicate": false,
                            "serial": "",
                            "size": "9G",
                            "storage": "usbdisk",
                            "wwn": ""
                          }
                        ],
                        "passthrough": []
                      }
                    ],
                    "scsi1": [],
                    "scsi10": [],
                    "scsi11": [],
                    "scsi12": [],
                    "scsi13": [],
                    "scsi14": [],
                    "scsi15": [],
                    "scsi16": [],
                    "scsi17": [],
                    "scsi18": [],
                    "scsi19": [],
                    "scsi2": [],
                    "scsi20": [],
                    "scsi21": [],
                    "scsi22": [],
                    "scsi23": [],
                    "scsi24": [],
                    "scsi25": [],
                    "scsi26": [],
                    "scsi27": [],
                    "scsi28": [],
                    "scsi29": [],
                    "scsi3": [],
                    "scsi30": [],
                    "scsi4": [],
                    "scsi5": [],
                    "scsi6": [],
                    "scsi7": [],
                    "scsi8": [],
                    "scsi9": []
                  }
                ],
                "virtio": []
              }
            ],
            "efidisk": [],
            "force_create": false,
            "force_recreate_on_change_of": null,
            "full_clone": true,
            "hagroup": "",
            "hastate": "",
            "hostpci": [],
            "hotplug": "network,disk,usb",
            "id": "pve/qemu/102",
            "ipconfig0": "ip=192.168.1.115/24,gw=192.168.1.1",
            "ipconfig1": null,
            "ipconfig10": null,
            "ipconfig11": null,
            "ipconfig12": null,
            "ipconfig13": null,
            "ipconfig14": null,
            "ipconfig15": null,
            "ipconfig2": null,
            "ipconfig3": null,
            "ipconfig4": null,
            "ipconfig5": null,
            "ipconfig6": null,
            "ipconfig7": null,
            "ipconfig8": null,
            "ipconfig9": null,
            "kvm": true,
            "linked_vmid": 0,
            "machine": "",
            "memory": 3072,
            "name": "worker2",
            "nameserver": "1.1.1.1 8.8.8.8",
            "network": [
              {
                "bridge": "vmbr0",
                "firewall": false,
                "id": 0,
                "link_down": false,
                "macaddr": "bc:24:11:d7:bd:5e",
                "model": "virtio",
                "mtu": 0,
                "queues": 0,
                "rate": 0,
                "tag": 0
              },
              {
                "bridge": "vmbr1",
                "firewall": false,
                "id": 1,
                "link_down": false,
                "macaddr": "bc:24:11:fa:a4:0d",
                "model": "virtio",
                "mtu": 0,
                "queues": 0,
                "rate": 0,
                "tag": 0
              }
            ],
            "numa": false,
            "onboot": false,
            "os_network_config": null,
            "os_type": null,
            "pci": [],
            "pcis": [],
            "pool": "",
            "protection": false,
            "pxe": null,
            "qemu_os": "other",
            "reboot_required": false,
            "scsihw": "virtio-scsi-single",
            "searchdomain": "",
            "serial": [
              {
                "id": 0,
                "type": "socket"
              }
            ],
            "skip_ipv4": false,
            "skip_ipv6": true,
            "smbios": [
              {
                "family": "",
                "manufacturer": "",
                "product": "",
                "serial": "",
                "sku": "",
                "uuid": "a9f7adb6-89d6-49d6-8b45-b0cfcae76473",
                "version": ""
              }
            ],
            "sockets": 1,
            "ssh_forward_ip": null,
            "ssh_host": "192.168.1.115",
            "ssh_port": "22",
            "ssh_private_key": null,
            "ssh_user": null,
            "sshkeys": " ssh-rsa AAAAB3NzaC1yc2EAAAADAQABAAABgQCz70fWQiuaOjwFUMOhmgDzpOvMX5tZpdScmzHj1sfh1zcuCpM/V7ayG4q2fzl6aIy9pEatOPyFo0B1TsL2StxndlBZRM/ewa4rzOozwRgVzGNpPxUqWrsjh3Rl1H1hTokq/jk7qSOPwHObFawBUlJzXN8/tEpeF1wBfozro9fBNUUUukl5hqjKwhXUyVc+3S8EOfq3BAUJFyj+Flnybfu/vciaXp9bAryB/P7XDq8PPZ4SWm/rVSO/5qYZwMZ+8//gT7tFeGbE6f+nQgACFYYQtbgVwySlS+AQB8FjI9OkvStAi+p4ZR0I5EQJxoAFAkH7n3klr8oFNGSxrUqUdeP35+z6TwleiBBtZ57XXYHFylaMCgo+d7vPnduMqoqhKZsJktfKzI723qNdz0T5dhYYWXyL7RJya6GmVzEv/grwWl6jIVBGdu7hKgQuBvH0oSEfXXpmUkBTipvAFAPokSNRtePJ5/6sHhyrIt22kWM4X2R4k2ljc2/NrowRfz7q8Hs= root@fedora-lap\n ssh-rsa AAAAB3NzaC1yc2EAAAADAQABAAABgQCq4hZNTWjmOtPmTX1OWtfpa5T5eoMFYp53yfalAd+2FRyOn8I9YLZo7ZDOJWhiB9uJK8WBNuMRMa3I8xzkhkq7xVLJ1jjUz/6MUCs4EawWOYT1o8M9+ObtNJzzp+H2HEmJhzlJVMg65n3rVxnGaym+p/L5FK9EEzu24/bSG3JewzEZjlXMXqSVgEHVijDRJarMfLTlaoFtztOhTdJ9rENi2VKonFyOp/wYPzauHTSTcSnVGbMur4tJkKNEKmP64EKrlUcJ/x9hTA8Wdtz0wDex/BmkyxZOjqkCIH09AywulZwAOQ9vi8o4G/ZLfhbCQYV68gNmsSAsby4T7M0tjfQZP4ifwicBJ0ubFfgSkM+x2k4lwrlcCkuOQ2eNW4OT/VhGrROi6DIOQqEMC6KIk9WGlzChooDJJfWiv/DmfrNsPH1PKDRaLXs8UsOigkJ9jK6fTRvzpfhwO2sgwBD1mhoLu9f5PeujNvDvdw8L4fQesPqyoKE3OZSnaI6GPdjxqes= tomek@fedora-lap\n",
            "startup": "",
            "tablet": true,
            "tags": "",
            "target_node": "pve",
            "target_nodes": null,
            "timeouts": null,
            "unused_disk": [],
            "usb": [],
            "usbs": [],
            "vcpus": 0,
            "vga": [],
            "vm_state": "running",
            "vmid": null
          },
          "sensitive_attributes": [
            [
              {
                "type": "get_attr",
                "value": "ssh_private_key"
              }
            ],
            [
              {
                "type": "get_attr",
                "value": "cipassword"
              }
            ]
          ],
          "private": "eyJlMmJmYjczMC1lY2FhLTExZTYtOGY4OC0zNDM2M2JjN2M0YzAiOnsiY3JlYXRlIjoxMjAwMDAwMDAwMDAwLCJkZWZhdWx0IjoxMjAwMDAwMDAwMDAwLCJkZWxldGUiOjEyMDAwMDAwMDAwMDAsInJlYWQiOjEyMDAwMDAwMDAwMDAsInVwZGF0ZSI6MTIwMDAwMDAwMDAwMH19"
        }
      ]
    },
    {
      "mode": "managed",
      "type": "proxmox_vm_qemu",
      "name": "cloudinit-tool",
      "provider": "provider[\"registry.terraform.io/telmate/proxmox\"]",
      "instances": [
        {
          "index_key": 0,
          "status": "tainted",
          "schema_version": 0,
          "attributes": {
            "additional_wait": 5,
            "agent": 1,
            "agent_timeout": null,
            "args": "",
            "automatic_reboot": true,
            "balloon": 0,
            "bios": "seabios",
            "boot": "order=scsi0",
            "bootdisk": "",
            "ci_wait": null,
            "cicustom": null,
            "cipassword": "tomek211",
            "ciupgrade": true,
            "ciuser": "root",
            "clone": "templatka8g",
            "clone_id": null,
            "clone_wait": 10,
            "cores": 2,
            "cpu": null,
            "cpu_type": "host",
            "default_ipv4_address": "192.168.1.112",
            "default_ipv6_address": "",
            "define_connection_info": true,
            "desc": "Managed by Terraform.",
            "disk": [],
            "disks": [
              {
                "ide": [
                  {
                    "ide0": [],
                    "ide1": [],
                    "ide2": [
                      {
                        "cdrom": [],
                        "cloudinit": [
                          {
                            "storage": "usbdisk"
                          }
                        ],
                        "disk": [],
                        "passthrough": []
                      }
                    ],
                    "ide3": []
                  }
                ],
                "sata": [],
                "scsi": [
                  {
                    "scsi0": [
                      {
                        "cdrom": [],
                        "cloudinit": [],
                        "disk": [
                          {
                            "asyncio": "",
                            "backup": true,
                            "cache": "",
                            "discard": false,
                            "emulatessd": false,
                            "format": "raw",
                            "id": 0,
                            "iops_r_burst": 0,
                            "iops_r_burst_length": 0,
                            "iops_r_concurrent": 0,
                            "iops_wr_burst": 0,
                            "iops_wr_burst_length": 0,
                            "iops_wr_concurrent": 0,
                            "iothread": false,
                            "linked_disk_id": -1,
                            "mbps_r_burst": 0,
                            "mbps_r_concurrent": 0,
                            "mbps_wr_burst": 0,
                            "mbps_wr_concurrent": 0,
                            "readonly": false,
                            "replicate": false,
                            "serial": "",
                            "size": "9G",
                            "storage": "usbdisk",
                            "wwn": ""
                          }
                        ],
                        "passthrough": []
                      }
                    ],
                    "scsi1": [],
                    "scsi10": [],
                    "scsi11": [],
                    "scsi12": [],
                    "scsi13": [],
                    "scsi14": [],
                    "scsi15": [],
                    "scsi16": [],
                    "scsi17": [],
                    "scsi18": [],
                    "scsi19": [],
                    "scsi2": [],
                    "scsi20": [],
                    "scsi21": [],
                    "scsi22": [],
                    "scsi23": [],
                    "scsi24": [],
                    "scsi25": [],
                    "scsi26": [],
                    "scsi27": [],
                    "scsi28": [],
                    "scsi29": [],
                    "scsi3": [],
                    "scsi30": [],
                    "scsi4": [],
                    "scsi5": [],
                    "scsi6": [],
                    "scsi7": [],
                    "scsi8": [],
                    "scsi9": []
                  }
                ],
                "virtio": []
              }
            ],
            "efidisk": [],
            "force_create": false,
            "force_recreate_on_change_of": null,
            "full_clone": true,
            "hagroup": "",
            "hastate": "",
            "hostpci": [],
            "hotplug": "network,disk,usb",
            "id": "pve/qemu/103",
            "ipconfig0": "ip=192.168.1.112/24,gw=192.168.1.1",
            "ipconfig1": null,
            "ipconfig10": null,
            "ipconfig11": null,
            "ipconfig12": null,
            "ipconfig13": null,
            "ipconfig14": null,
            "ipconfig15": null,
            "ipconfig2": null,
            "ipconfig3": null,
            "ipconfig4": null,
            "ipconfig5": null,
            "ipconfig6": null,
            "ipconfig7": null,
            "ipconfig8": null,
            "ipconfig9": null,
            "kvm": true,
            "linked_vmid": 0,
            "machine": "",
            "memory": 2048,
            "name": "tool",
            "nameserver": "1.1.1.1 8.8.8.8",
            "network": [
              {
                "bridge": "vmbr0",
                "firewall": false,
                "id": 0,
                "link_down": false,
                "macaddr": "bc:24:11:34:5a:de",
                "model": "virtio",
                "mtu": 0,
                "queues": 0,
                "rate": 0,
                "tag": 0
              },
              {
                "bridge": "vmbr1",
                "firewall": false,
                "id": 1,
                "link_down": false,
                "macaddr": "bc:24:11:f9:8d:43",
                "model": "virtio",
                "mtu": 0,
                "queues": 0,
                "rate": 0,
                "tag": 0
              }
            ],
            "numa": false,
            "onboot": false,
            "os_network_config": null,
            "os_type": null,
            "pci": [],
            "pcis": [],
            "pool": "",
            "protection": false,
            "pxe": null,
            "qemu_os": "other",
            "reboot_required": false,
            "scsihw": "virtio-scsi-single",
            "searchdomain": "",
            "serial": [
              {
                "id": 0,
                "type": "socket"
              }
            ],
            "skip_ipv4": false,
            "skip_ipv6": true,
            "smbios": [
              {
                "family": "",
                "manufacturer": "",
                "product": "",
                "serial": "",
                "sku": "",
                "uuid": "0d19f97d-d8ec-4dcd-bff3-2f9ad14ffae1",
                "version": ""
              }
            ],
            "sockets": 1,
            "ssh_forward_ip": null,
            "ssh_host": "192.168.1.112",
            "ssh_port": "22",
            "ssh_private_key": null,
            "ssh_user": null,
            "sshkeys": " ssh-rsa AAAAB3NzaC1yc2EAAAADAQABAAABgQCz70fWQiuaOjwFUMOhmgDzpOvMX5tZpdScmzHj1sfh1zcuCpM/V7ayG4q2fzl6aIy9pEatOPyFo0B1TsL2StxndlBZRM/ewa4rzOozwRgVzGNpPxUqWrsjh3Rl1H1hTokq/jk7qSOPwHObFawBUlJzXN8/tEpeF1wBfozro9fBNUUUukl5hqjKwhXUyVc+3S8EOfq3BAUJFyj+Flnybfu/vciaXp9bAryB/P7XDq8PPZ4SWm/rVSO/5qYZwMZ+8//gT7tFeGbE6f+nQgACFYYQtbgVwySlS+AQB8FjI9OkvStAi+p4ZR0I5EQJxoAFAkH7n3klr8oFNGSxrUqUdeP35+z6TwleiBBtZ57XXYHFylaMCgo+d7vPnduMqoqhKZsJktfKzI723qNdz0T5dhYYWXyL7RJya6GmVzEv/grwWl6jIVBGdu7hKgQuBvH0oSEfXXpmUkBTipvAFAPokSNRtePJ5/6sHhyrIt22kWM4X2R4k2ljc2/NrowRfz7q8Hs= root@fedora-lap\n ssh-rsa AAAAB3NzaC1yc2EAAAADAQABAAABgQCq4hZNTWjmOtPmTX1OWtfpa5T5eoMFYp53yfalAd+2FRyOn8I9YLZo7ZDOJWhiB9uJK8WBNuMRMa3I8xzkhkq7xVLJ1jjUz/6MUCs4EawWOYT1o8M9+ObtNJzzp+H2HEmJhzlJVMg65n3rVxnGaym+p/L5FK9EEzu24/bSG3JewzEZjlXMXqSVgEHVijDRJarMfLTlaoFtztOhTdJ9rENi2VKonFyOp/wYPzauHTSTcSnVGbMur4tJkKNEKmP64EKrlUcJ/x9hTA8Wdtz0wDex/BmkyxZOjqkCIH09AywulZwAOQ9vi8o4G/ZLfhbCQYV68gNmsSAsby4T7M0tjfQZP4ifwicBJ0ubFfgSkM+x2k4lwrlcCkuOQ2eNW4OT/VhGrROi6DIOQqEMC6KIk9WGlzChooDJJfWiv/DmfrNsPH1PKDRaLXs8UsOigkJ9jK6fTRvzpfhwO2sgwBD1mhoLu9f5PeujNvDvdw8L4fQesPqyoKE3OZSnaI6GPdjxqes= tomek@fedora-lap\n",
            "startup": "",
            "tablet": true,
            "tags": "",
            "target_node": "pve",
            "target_nodes": null,
            "timeouts": null,
            "unused_disk": [],
            "usb": [],
            "usbs": [],
            "vcpus": 0,
            "vga": [],
            "vm_state": "running",
            "vmid": null
          },
          "sensitive_attributes": [
            [
              {
                "type": "get_attr",
                "value": "ssh_private_key"
              }
            ],
            [
              {
                "type": "get_attr",
                "value": "cipassword"
              }
            ]
          ],
          "private": "eyJlMmJmYjczMC1lY2FhLTExZTYtOGY4OC0zNDM2M2JjN2M0YzAiOnsiY3JlYXRlIjoxMjAwMDAwMDAwMDAwLCJkZWZhdWx0IjoxMjAwMDAwMDAwMDAwLCJkZWxldGUiOjEyMDAwMDAwMDAwMDAsInJlYWQiOjEyMDAwMDAwMDAwMDAsInVwZGF0ZSI6MTIwMDAwMDAwMDAwMH19"
        }
      ]
    }
  ],
  "check_results": null
}
