{
  "version": 4,
  "terraform_version": "1.14.3",
  "serial": 86,
  "lineage": "4d2856c8-3bbb-1c1a-a547-f845f81d2b85",
  "outputs": {
    "lxc_ip": {
      "value": "192.168.1.35",
      "type": "string"
    }
  },
  "resources": [
    {
      "mode": "managed",
      "type": "proxmox_lxc",
      "name": "dns_server",
      "provider": "provider[\"registry.terraform.io/telmate/proxmox\"]",
      "instances": [
        {
          "status": "tainted",
          "schema_version": 0,
          "attributes": {
            "arch": "amd64",
            "bwlimit": 0,
            "clone": null,
            "clone_storage": null,
            "cmode": "tty",
            "console": true,
            "cores": 1,
            "cpulimit": 0,
            "cpuunits": 1024,
            "current_node": "pve1",
            "description": "",
            "features": [
              {
                "fuse": false,
                "keyctl": false,
                "mknod": false,
                "mount": "",
                "nesting": true
              }
            ],
            "force": false,
            "full": null,
            "hagroup": "",
            "hastate": "",
            "hookscript": "",
            "hostname": "dns-server",
            "id": "pve1/lxc/100",
            "ignore_unpack_errors": false,
            "lock": "",
            "memory": 512,
            "mountpoint": [],
            "nameserver": "",
            "network": [
              {
                "bridge": "vmbr0",
                "firewall": false,
                "gw": "192.168.1.1",
                "gw6": "",
                "hwaddr": "BC:24:11:24:D5:9A",
                "id": 0,
                "ip": "192.168.1.35/24",
                "ip6": "",
                "mtu": 0,
                "name": "eth0",
                "rate": 0,
                "tag": 0,
                "trunks": "",
                "type": "veth"
              }
            ],
            "onboot": true,
            "ostemplate": "local:vztmpl/ubuntu-25.04-standard_25.04-1.1_amd64.tar.zst",
            "ostype": "ubuntu",
            "password": "tomek211",
            "pool": null,
            "protection": false,
            "restore": false,
            "rootfs": [
              {
                "acl": false,
                "quota": false,
                "replicate": false,
                "ro": false,
                "shared": false,
                "size": "8G",
                "storage": "local-lvm",
                "volume": "local-lvm:vm-100-disk-0"
              }
            ],
            "searchdomain": "",
            "ssh_public_keys": "\nssh-rsa AAAAB3NzaC1yc2EAAAADAQABAAABgQCz70fWQiuaOjwFUMOhmgDzpOvMX5tZpdScmzHj1sfh1zcuCpM/V7ayG4q2fzl6aIy9pEatOPyFo0B1TsL2StxndlBZRM/ewa4rzOozwRgVzGNpPxUqWrsjh3Rl1H1hTokq/jk7qSOPwHObFawBUlJzXN8/tEpeF1wBfozro9fBNUUUukl5hqjKwhXUyVc+3S8EOfq3BAUJFyj+Flnybfu/vciaXp9bAryB/P7XDq8PPZ4SWm/rVSO/5qYZwMZ+8//gT7tFeGbE6f+nQgACFYYQtbgVwySlS+AQB8FjI9OkvStAi+p4ZR0I5EQJxoAFAkH7n3klr8oFNGSxrUqUdeP35+z6TwleiBBtZ57XXYHFylaMCgo+d7vPnduMqoqhKZsJktfKzI723qNdz0T5dhYYWXyL7RJya6GmVzEv/grwWl6jIVBGdu7hKgQuBvH0oSEfXXpmUkBTipvAFAPokSNRtePJ5/6sHhyrIt22kWM4X2R4k2ljc2/NrowRfz7q8Hs= root@fedora-lap\nssh-rsa AAAAB3NzaC1yc2EAAAADAQABAAABgQCq4hZNTWjmOtPmTX1OWtfpa5T5eoMFYp53yfalAd+2FRyOn8I9YLZo7ZDOJWhiB9uJK8WBNuMRMa3I8xzkhkq7xVLJ1jjUz/6MUCs4EawWOYT1o8M9+ObtNJzzp+H2HEmJhzlJVMg65n3rVxnGaym+p/L5FK9EEzu24/bSG3JewzEZjlXMXqSVgEHVijDRJarMfLTlaoFtztOhTdJ9rENi2VKonFyOp/wYPzauHTSTcSnVGbMur4tJkKNEKmP64EKrlUcJ/x9hTA8Wdtz0wDex/BmkyxZOjqkCIH09AywulZwAOQ9vi8o4G/ZLfhbCQYV68gNmsSAsby4T7M0tjfQZP4ifwicBJ0ubFfgSkM+x2k4lwrlcCkuOQ2eNW4OT/VhGrROi6DIOQqEMC6KIk9WGlzChooDJJfWiv/DmfrNsPH1PKDRaLXs8UsOigkJ9jK6fTRvzpfhwO2sgwBD1mhoLu9f5PeujNvDvdw8L4fQesPqyoKE3OZSnaI6GPdjxqes= tomek@fedora-lap\n\n",
            "start": true,
            "startup": "",
            "swap": 512,
            "tags": "",
            "target_node": "pve1",
            "template": false,
            "timeouts": null,
            "tty": 2,
            "unique": false,
            "unprivileged": true,
            "unused": [],
            "vmid": 100
          },
          "sensitive_attributes": [
            [
              {
                "type": "get_attr",
                "value": "password"
              }
            ]
          ],
          "identity_schema_version": 0,
          "private": "eyJlMmJmYjczMC1lY2FhLTExZTYtOGY4OC0zNDM2M2JjN2M0YzAiOnsiY3JlYXRlIjoxMjAwMDAwMDAwMDAwLCJkZWZhdWx0IjoxMjAwMDAwMDAwMDAwLCJkZWxldGUiOjEyMDAwMDAwMDAwMDAsInJlYWQiOjEyMDAwMDAwMDAwMDAsInVwZGF0ZSI6MTIwMDAwMDAwMDAwMH19"
        }
      ]
    }
  ],
  "check_results": null
}
